{
  "version": "4",
  "specifiers": {
    "npm:@lumina-dex/sdk@0.18.0": "0.18.0_typescript@5.8.3_vue@3.5.17__typescript@5.8.3_xstate@5.20.1_@gql.tada+vue-support@1.0.1__typescript@5.8.3",
    "npm:graphql-request@7.1.2": "7.1.2_graphql@16.11.0"
  },
  "npm": {
    "@0no-co/graphql.web@1.1.2_graphql@16.11.0": {
      "integrity": "sha512-N2NGsU5FLBhT8NZ+3l2YrzZSHITjNXNuDhC4iDiikv0IujaJ0Xc6xIxQZ/Ek3Cb+rgPjnLHYyJm11tInuJn+cw==",
      "dependencies": [
        "graphql"
      ]
    },
    "@0no-co/graphqlsp@1.14.0_graphql@16.11.0_typescript@5.8.3": {
      "integrity": "sha512-rgOJ0Bj9UFBmE7BfUGhsqYPYqPwCk1MCggoYN4NUSdX6gpqatNuzHNB2wHcAd9xdY55jHNRhHy5NsgwY6EGgmg==",
      "dependencies": [
        "@gql.tada/internal",
        "graphql",
        "typescript"
      ]
    },
    "@aurowallet/mina-provider@1.0.12": {
      "integrity": "sha512-ytSSZWuu2Rr0kUpmY65xHddgFepbc5hI7pV6f2+cOUXEwXwaLmQkmpvcNGIadMTiaVeq8qtLXGokkKWMpWn71g==",
      "dependencies": [
        "@types/eventemitter3",
        "@types/uuid",
        "eventemitter3",
        "uuid"
      ]
    },
    "@babel/helper-string-parser@7.27.1": {
      "integrity": "sha512-qMlSxKbpRlAridDExk92nSobyDdpPijUq2DW6oDnUqd0iOGxmQjyqhMIihI9+zv4LPyZdRje2cavWPbCbWm3eA=="
    },
    "@babel/helper-validator-identifier@7.27.1": {
      "integrity": "sha512-D2hP9eA+Sqx1kBZgzxZh0y1trbuU+JoDkiEwqhQ36nodYqJwyEIhPSdMNd7lOm/4io72luTPWH20Yda0xOuUow=="
    },
    "@babel/parser@7.28.0": {
      "integrity": "sha512-jVZGvOxOuNSsuQuLRTh13nU0AogFlw32w/MT+LV6D3sP5WdbW61E77RnkbaO2dUvmPAYrBDJXGn5gGS6tH4j8g==",
      "dependencies": [
        "@babel/types"
      ]
    },
    "@babel/types@7.28.1": {
      "integrity": "sha512-x0LvFTekgSX+83TI28Y9wYPUfzrnl2aT5+5QLnO6v7mSJYtEEevuDRN0F0uSHRk1G1IWZC43o00Y0xDDrpBGPQ==",
      "dependencies": [
        "@babel/helper-string-parser",
        "@babel/helper-validator-identifier"
      ]
    },
    "@gql.tada/cli-utils@1.6.3_@0no-co+graphqlsp@1.14.0__graphql@16.11.0__typescript@5.8.3_@gql.tada+vue-support@1.0.1__typescript@5.8.3_graphql@16.11.0_typescript@5.8.3": {
      "integrity": "sha512-jFFSY8OxYeBxdKi58UzeMXG1tdm4FVjXa8WHIi66Gzu9JWtCE6mqom3a8xkmSw+mVaybFW5EN2WXf1WztJVNyQ==",
      "dependencies": [
        "@0no-co/graphqlsp",
        "@gql.tada/internal",
        "@gql.tada/vue-support",
        "graphql",
        "typescript"
      ]
    },
    "@gql.tada/internal@1.0.8_graphql@16.11.0_typescript@5.8.3": {
      "integrity": "sha512-XYdxJhtHC5WtZfdDqtKjcQ4d7R1s0d1rnlSs3OcBEUbYiPoJJfZU7tWsVXuv047Z6msvmr4ompJ7eLSK5Km57g==",
      "dependencies": [
        "@0no-co/graphql.web",
        "graphql",
        "typescript"
      ]
    },
    "@gql.tada/vue-support@1.0.1_typescript@5.8.3": {
      "integrity": "sha512-qrQ03TIbZPj5VDhYE3kyOnJD8GBqd7aidfqhET2CnBuiST//zYSDW7Zc4JcAwttN/6IMRcwzXz0dV0OYHo49DA==",
      "dependencies": [
        "@vue/compiler-dom",
        "@vue/language-core",
        "typescript"
      ]
    },
    "@graphql-typed-document-node/core@3.2.0_graphql@16.11.0": {
      "integrity": "sha512-mB9oAsNCm9aM3/SOv4YtBMqZbYj10R7dkq8byBqxGY/ncFwhf2oQzMV+LCRlWoDSEBJ3COiR1yeDvMtsoOsuFQ==",
      "dependencies": [
        "graphql"
      ]
    },
    "@jridgewell/sourcemap-codec@1.5.4": {
      "integrity": "sha512-VT2+G1VQs/9oz078bLrYbecdZKs912zQlkelYpuf+SXF+QvZDYJlbx/LSx+meSAwdDFnF8FVXW92AVjjkVmgFw=="
    },
    "@lumina-dex/contracts@0.7.0_o1js@2.4.0": {
      "integrity": "sha512-lPI2scUAhJrkVjGQybziWZ2YiOPRILX+BnMcUaQiNnWIA3oS0OH42HgD+n5frpP82Ifr/97NTMOcTRf/L5lE2g==",
      "dependencies": [
        "mina-fungible-token",
        "o1js"
      ]
    },
    "@lumina-dex/sdk@0.18.0_typescript@5.8.3_vue@3.5.17__typescript@5.8.3_xstate@5.20.1_@gql.tada+vue-support@1.0.1__typescript@5.8.3": {
      "integrity": "sha512-Jmo1IkQdcZkSJ2gmeJswH/HjqR9BnaSsgld9/FeX25lIVBDbIGQf39ZOqtxvhtCmpe+HvpUG2EMtmb6MAPPByQ==",
      "dependencies": [
        "@aurowallet/mina-provider",
        "@gql.tada/vue-support",
        "@lumina-dex/contracts",
        "@urql/exchange-retry",
        "@urql/vue",
        "@xstate/react",
        "@xstate/store",
        "comlink",
        "consola",
        "fflate",
        "gql.tada",
        "o1js",
        "p-limit",
        "typescript",
        "urql",
        "vue",
        "xstate"
      ]
    },
    "@types/eventemitter3@2.0.4": {
      "integrity": "sha512-em+O0kpbHLUB4TAu49b674ERppsDT/PFghJYZ5ISP/BwehjNn2Brqs4jO3xb5FM5Tosmz6TUd2Yy2pRxTwTRmw==",
      "dependencies": [
        "eventemitter3"
      ]
    },
    "@types/uuid@8.3.4": {
      "integrity": "sha512-c/I8ZRb51j+pYGAu5CrFMRxqZ2ke4y2grEBO5AUjgSkSk+qT2Ea+OdWElz/OiMf5MNpn2b17kuVBwZLQJXzihw=="
    },
    "@urql/core@5.2.0": {
      "integrity": "sha512-/n0ieD0mvvDnVAXEQgX/7qJiVcvYvNkOHeBvkwtylfjydar123caCXcl58PXFY11oU1oquJocVXHxLAbtv4x1A==",
      "dependencies": [
        "@0no-co/graphql.web",
        "wonka"
      ]
    },
    "@urql/exchange-retry@1.3.2_@urql+core@5.2.0": {
      "integrity": "sha512-TQMCz2pFJMfpNxmSfX1VSfTjwUIFx/mL+p1bnfM1xjjdla7Z+KnGMW/EhFbpckp3LyWAH4PgOsMwOMnIN+MBFg==",
      "dependencies": [
        "@urql/core",
        "wonka"
      ]
    },
    "@urql/vue@1.4.3_@urql+core@5.2.0_vue@3.5.17__typescript@5.8.3_typescript@5.8.3": {
      "integrity": "sha512-+zdMQFBHL1V+tdTKzAqhiIP14cJ6GAUDux7uhC3rAt/rQhaVcdRmLuf0dhco04UHC+rdkd6sZ4epemL9VeTfRA==",
      "dependencies": [
        "@urql/core",
        "vue",
        "wonka"
      ]
    },
    "@volar/language-core@2.4.18": {
      "integrity": "sha512-G3yYV85ekH4TV0EDS6DsS/dUJWrz675H9UgsxFz5pQbmas51a0Q2fF6Lb2q4RKgytuLZ4E0MBdT5PlVsJXNalw==",
      "dependencies": [
        "@volar/source-map"
      ]
    },
    "@volar/source-map@2.4.18": {
      "integrity": "sha512-zaj2V/zo/CHQ/xA75h60jBPgrz+Ou9s6aPl7dX0rT46/uill9aB/ZaDk92ROpJsa/9e2xftCeNAU9ZwVyB/egQ=="
    },
    "@vue/compiler-core@3.5.17": {
      "integrity": "sha512-Xe+AittLbAyV0pabcN7cP7/BenRBNcteM4aSDCtRvGw0d9OL+HG1u/XHLY/kt1q4fyMeZYXyIYrsHuPSiDPosA==",
      "dependencies": [
        "@babel/parser",
        "@vue/shared",
        "entities",
        "estree-walker",
        "source-map-js"
      ]
    },
    "@vue/compiler-dom@3.5.17": {
      "integrity": "sha512-+2UgfLKoaNLhgfhV5Ihnk6wB4ljyW1/7wUIog2puUqajiC29Lp5R/IKDdkebh9jTbTogTbsgB+OY9cEWzG95JQ==",
      "dependencies": [
        "@vue/compiler-core",
        "@vue/shared"
      ]
    },
    "@vue/compiler-sfc@3.5.17": {
      "integrity": "sha512-rQQxbRJMgTqwRugtjw0cnyQv9cP4/4BxWfTdRBkqsTfLOHWykLzbOc3C4GGzAmdMDxhzU/1Ija5bTjMVrddqww==",
      "dependencies": [
        "@babel/parser",
        "@vue/compiler-core",
        "@vue/compiler-dom",
        "@vue/compiler-ssr",
        "@vue/shared",
        "estree-walker",
        "magic-string",
        "postcss",
        "source-map-js"
      ]
    },
    "@vue/compiler-ssr@3.5.17": {
      "integrity": "sha512-hkDbA0Q20ZzGgpj5uZjb9rBzQtIHLS78mMilwrlpWk2Ep37DYntUz0PonQ6kr113vfOEdM+zTBuJDaceNIW0tQ==",
      "dependencies": [
        "@vue/compiler-dom",
        "@vue/shared"
      ]
    },
    "@vue/compiler-vue2@2.7.16": {
      "integrity": "sha512-qYC3Psj9S/mfu9uVi5WvNZIzq+xnXMhOwbTFKKDD7b1lhpnn71jXSFdTQ+WsIEk0ONCd7VV2IMm7ONl6tbQ86A==",
      "dependencies": [
        "de-indent",
        "he"
      ]
    },
    "@vue/language-core@2.0.29_typescript@5.8.3": {
      "integrity": "sha512-o2qz9JPjhdoVj8D2+9bDXbaI4q2uZTHQA/dbyZT4Bj1FR9viZxDJnLcKVHfxdn6wsOzRgpqIzJEEmSSvgMvDTQ==",
      "dependencies": [
        "@volar/language-core",
        "@vue/compiler-dom",
        "@vue/compiler-vue2",
        "@vue/shared",
        "computeds",
        "minimatch",
        "muggle-string",
        "path-browserify",
        "typescript"
      ]
    },
    "@vue/reactivity@3.5.17": {
      "integrity": "sha512-l/rmw2STIscWi7SNJp708FK4Kofs97zc/5aEPQh4bOsReD/8ICuBcEmS7KGwDj5ODQLYWVN2lNibKJL1z5b+Lw==",
      "dependencies": [
        "@vue/shared"
      ]
    },
    "@vue/runtime-core@3.5.17": {
      "integrity": "sha512-QQLXa20dHg1R0ri4bjKeGFKEkJA7MMBxrKo2G+gJikmumRS7PTD4BOU9FKrDQWMKowz7frJJGqBffYMgQYS96Q==",
      "dependencies": [
        "@vue/reactivity",
        "@vue/shared"
      ]
    },
    "@vue/runtime-dom@3.5.17": {
      "integrity": "sha512-8El0M60TcwZ1QMz4/os2MdlQECgGoVHPuLnQBU3m9h3gdNRW9xRmI8iLS4t/22OQlOE6aJvNNlBiCzPHur4H9g==",
      "dependencies": [
        "@vue/reactivity",
        "@vue/runtime-core",
        "@vue/shared",
        "csstype"
      ]
    },
    "@vue/server-renderer@3.5.17_vue@3.5.17__typescript@5.8.3": {
      "integrity": "sha512-BOHhm8HalujY6lmC3DbqF6uXN/K00uWiEeF22LfEsm9Q93XeJ/plHTepGwf6tqFcF7GA5oGSSAAUock3VvzaCA==",
      "dependencies": [
        "@vue/compiler-ssr",
        "@vue/shared",
        "vue"
      ]
    },
    "@vue/shared@3.5.17": {
      "integrity": "sha512-CabR+UN630VnsJO/jHWYBC1YVXyMq94KKp6iF5MQgZJs5I8cmjw6oVMO1oDbtBkENSHSSn/UadWlW/OAgdmKrg=="
    },
    "@xstate/react@4.1.3_react@18.3.1_xstate@5.20.1": {
      "integrity": "sha512-zhE+ZfrcCR87bu71Rkh5Z5ruZBivR/7uD/dkelzJqjQdI45IZc9DqTI8lL4Cg5+VN2p5k86KxDsusqW1kW11Tg==",
      "dependencies": [
        "react",
        "use-isomorphic-layout-effect",
        "use-sync-external-store",
        "xstate"
      ]
    },
    "@xstate/store@2.6.2": {
      "integrity": "sha512-zznGTWU+tmhbD0UUxPLy5FmxvceBNyMsN1Tuy7UMJAH9NuaQWj4/B2L+EcO6FxI2b2CNyzk1PL5mZ8cDpBFpMw=="
    },
    "balanced-match@1.0.2": {
      "integrity": "sha512-3oSeUO0TMV67hN1AmbXsK4yaqU7tjiHlbxRDZOpH0KW9+CeX4bRAaX0Anxt0tx2MrpRpWwQaPwIlISEJhYU5Pw=="
    },
    "blakejs@1.2.1": {
      "integrity": "sha512-QXUSXI3QVc/gJME0dBpXrag1kbzOqCjCX8/b54ntNyW6sjtoqxqRk3LTmXzaJoh71zMsDCjM+47jS7XiwN/+fQ=="
    },
    "brace-expansion@2.0.2": {
      "integrity": "sha512-Jt0vHyM+jmUBqojB7E1NIYadt0vI0Qxjxd2TErW94wDz+E2LAm5vKMXXwg6ZZBTHPuUlDgQHKXvjGBdfcF1ZDQ==",
      "dependencies": [
        "balanced-match"
      ]
    },
    "cachedir@2.4.0": {
      "integrity": "sha512-9EtFOZR8g22CL7BWjJ9BUx1+A/djkofnyW3aOXZORNW2kxoUpx2h+uN2cOqwPmFhnpVmxg+KW2OjOSgChTEvsQ=="
    },
    "comlink@4.4.2": {
      "integrity": "sha512-OxGdvBmJuNKSCMO4NTl1L47VRp6xn2wG4F/2hYzB6tiCb709otOxtEYCSvK80PtjODfXXZu8ds+Nw5kVCjqd2g=="
    },
    "computeds@0.0.1": {
      "integrity": "sha512-7CEBgcMjVmitjYo5q8JTJVra6X5mQ20uTThdK+0kR7UEaDrAWEQcRiBtWJzga4eRpP6afNwwLsX2SET2JhVB1Q=="
    },
    "consola@3.4.2": {
      "integrity": "sha512-5IKcdX0nnYavi6G7TtOhwkYzyjfJlatbjMjuLSfE2kYT5pMDOilZ4OvMhi637CcDICTmz3wARPoyhqyX1Y+XvA=="
    },
    "csstype@3.1.3": {
      "integrity": "sha512-M1uQkMl8rQK/szD0LNhtqxIPLpimGm8sOBwU7lLnCpSbTyY3yeU1Vc7l4KT5zT4s/yOxHH5O7tIuuLOCnLADRw=="
    },
    "de-indent@1.0.2": {
      "integrity": "sha512-e/1zu3xH5MQryN2zdVaF0OrdNLUbvWxzMbi+iNA6Bky7l1RoP8a2fIbRocyHclXt/arDrrR6lL3TqFD9pMQTsg=="
    },
    "entities@4.5.0": {
      "integrity": "sha512-V0hjH4dGPh9Ao5p0MoRY6BVqtwCjhz6vI5LT8AJ55H+4g9/4vbHx1I54fS0XuclLhDHArPQCiMjDxjaL8fPxhw=="
    },
    "error-stack-parser@2.1.4": {
      "integrity": "sha512-Sk5V6wVazPhq5MhpO+AUxJn5x7XSXGl1R93Vn7i+zS15KDVxQijejNCrz8340/2bgLBjR9GtEG8ZVKONDjcqGQ==",
      "dependencies": [
        "stackframe"
      ]
    },
    "estree-walker@2.0.2": {
      "integrity": "sha512-Rfkk/Mp/DL7JVje3u18FxFujQlTNR2q6QfMSMB7AvCBx91NGj/ba3kCfza0f6dVDbw7YlRf/nDrn7pQrCCyQ/w=="
    },
    "eventemitter3@4.0.7": {
      "integrity": "sha512-8guHBZCwKnFhYdHr2ysuRWErTwhoN2X8XELRlrRwpmfeY2jjuUN4taQMsULKUVo1K4DvZl+0pgfyoysHxvmvEw=="
    },
    "fflate@0.8.2": {
      "integrity": "sha512-cPJU47OaAoCbg0pBvzsgpTPhmhqI5eJjh/JIu8tPj5q+T7iLvW/JAYUqmE7KOB4R1ZyEhzBaIQpQpardBF5z8A=="
    },
    "gql.tada@1.8.11_typescript@5.8.3_@0no-co+graphqlsp@1.14.0__graphql@16.11.0__typescript@5.8.3_@gql.tada+vue-support@1.0.1__typescript@5.8.3": {
      "integrity": "sha512-b94SV2ki1yZWm/MGzWIaWxuPJUMAYjlQllwoD9b8/GCVXKax1HS9xPfLq/p47UmAnUY3X8qDF0JdMEIr0EKmOA==",
      "dependencies": [
        "@0no-co/graphql.web",
        "@0no-co/graphqlsp",
        "@gql.tada/cli-utils",
        "@gql.tada/internal",
        "typescript"
      ]
    },
    "graphql-request@7.1.2_graphql@16.11.0": {
      "integrity": "sha512-+XE3iuC55C2di5ZUrB4pjgwe+nIQBuXVIK9J98wrVwojzDW3GMdSBZfxUk8l4j9TieIpjpggclxhNEU9ebGF8w==",
      "dependencies": [
        "@graphql-typed-document-node/core",
        "graphql"
      ]
    },
    "graphql@16.11.0": {
      "integrity": "sha512-mS1lbMsxgQj6hge1XZ6p7GPhbrtFwUFYi3wRzXAC/FmYnyXMTvvI3td3rjmQ2u8ewXueaSvRPWaEcgVVOT9Jnw=="
    },
    "he@1.2.0": {
      "integrity": "sha512-F/1DnUGPopORZi0ni+CvrCgHQ5FyEAHRLSApuYWMmrbSwoN2Mn/7k+Gl38gJnR7yyDZk6WLXwiGod1JOWNDKGw=="
    },
    "js-sha256@0.9.0": {
      "integrity": "sha512-sga3MHh9sgQN2+pJ9VYZ+1LPwXOxuBJBA5nrR5/ofPfuiJBE2hnjsaN8se8JznOmGLN2p49Pe5U/ttafcs/apA=="
    },
    "js-tokens@4.0.0": {
      "integrity": "sha512-RdJUflcE3cUzKiMqQgsCu06FPu9UdIJO0beYbPhHN4k6apgJtifcoCtT9bcxOpYBtpD2kCM6Sbzg4CausW/PKQ=="
    },
    "libsodium-sumo@0.7.15": {
      "integrity": "sha512-5tPmqPmq8T8Nikpm1Nqj0hBHvsLFCXvdhBFV7SGOitQPZAA6jso8XoL0r4L7vmfKXr486fiQInvErHtEvizFMw=="
    },
    "libsodium-wrappers-sumo@0.7.15": {
      "integrity": "sha512-aSWY8wKDZh5TC7rMvEdTHoyppVq/1dTSAeAR7H6pzd6QRT3vQWcT5pGwCotLcpPEOLXX6VvqihSPkpEhYAjANA==",
      "dependencies": [
        "libsodium-sumo"
      ]
    },
    "loose-envify@1.4.0": {
      "integrity": "sha512-lyuxPGr/Wfhrlem2CL/UcnUc1zcqKAImBDzukY7Y5F/yQiNdko6+fRLevlw1HgMySw7f611UIY408EtxRSoK3Q==",
      "dependencies": [
        "js-tokens"
      ]
    },
    "magic-string@0.30.17": {
      "integrity": "sha512-sNPKHvyjVf7gyjwS4xGTaW/mCnF8wnjtifKBEhxfZ7E/S8tQ0rssrwGNn6q8JH/ohItJfSQp9mBtQYuTlH5QnA==",
      "dependencies": [
        "@jridgewell/sourcemap-codec"
      ]
    },
    "mina-fungible-token@1.1.0_o1js@2.4.0": {
      "integrity": "sha512-nfpKQuo49KBUkTFQjE+H47sXs2SzzAs484S6IXwSX38JX+VJKSEihuMv08Mi+x8cVjJ2hVsPlsvRcApIUI1lug==",
      "dependencies": [
        "o1js"
      ]
    },
    "minimatch@9.0.5": {
      "integrity": "sha512-G6T0ZX48xgozx7587koeX9Ys2NYy6Gmv//P89sEte9V9whIapMNF4idKxnW2QtCcLiTWlb/wfCabAtAFWhhBow==",
      "dependencies": [
        "brace-expansion"
      ]
    },
    "muggle-string@0.4.1": {
      "integrity": "sha512-VNTrAak/KhO2i8dqqnqnAHOa3cYBwXEZe9h+D5h/1ZqFSTEFHdM65lR7RoIqq3tBBYavsOXV84NoHXZ0AkPyqQ=="
    },
    "nanoid@3.3.11": {
      "integrity": "sha512-N8SpfPUnUp1bK+PMYW8qSWdl9U+wwNWI4QKxOYDy9JAro3WMX7p2OeVRF9v+347pnakNevPmiHhNmZ2HbFA76w=="
    },
    "o1js@2.4.0": {
      "integrity": "sha512-IxwPmSJxN+9H+IFwJ5mzasJ6XBcWhamfN9jPqqyUsXgmI8mWuEH3A3s83F9z0570wuO69dbNFvaPCwsIi0QoPA==",
      "dependencies": [
        "blakejs",
        "cachedir",
        "js-sha256",
        "libsodium-wrappers-sumo",
        "reflect-metadata",
        "stacktrace-js",
        "tslib"
      ]
    },
    "p-limit@6.2.0": {
      "integrity": "sha512-kuUqqHNUqoIWp/c467RI4X6mmyuojY5jGutNU0wVTmEOOfcuwLqyMVoAi9MKi2Ak+5i9+nhmrK4ufZE8069kHA==",
      "dependencies": [
        "yocto-queue"
      ]
    },
    "path-browserify@1.0.1": {
      "integrity": "sha512-b7uo2UCUOYZcnF/3ID0lulOJi/bafxa1xPe7ZPsammBSpjSWQkjNxlt635YGS2MiR9GjvuXCtz2emr3jbsz98g=="
    },
    "picocolors@1.1.1": {
      "integrity": "sha512-xceH2snhtb5M9liqDsmEw56le376mTZkEX/jEb/RxNFyegNul7eNslCXP9FDj/Lcu0X8KEyMceP2ntpaHrDEVA=="
    },
    "postcss@8.5.6": {
      "integrity": "sha512-3Ybi1tAuwAP9s0r1UQ2J4n5Y0G05bJkpUIO0/bI9MhwmD70S5aTWbXGBwxHrelT+XM1k6dM0pk+SwNkpTRN7Pg==",
      "dependencies": [
        "nanoid",
        "picocolors",
        "source-map-js"
      ]
    },
    "react@18.3.1": {
      "integrity": "sha512-wS+hAgJShR0KhEvPJArfuPVN1+Hz1t0Y6n5jLrGQbkb4urgPE/0Rve+1kMB1v/oWgHgm4WIcV+i7F2pTVj+2iQ==",
      "dependencies": [
        "loose-envify"
      ]
    },
    "reflect-metadata@0.1.14": {
      "integrity": "sha512-ZhYeb6nRaXCfhnndflDK8qI6ZQ/YcWZCISRAWICW9XYqMUwjZM9Z0DveWX/ABN01oxSHwVxKQmxeYZSsm0jh5A=="
    },
    "source-map-js@1.2.1": {
      "integrity": "sha512-UXWMKhLOwVKb728IUtQPXxfYU+usdybtUrK/8uGE8CQMvrhOpwvzDBwj0QhSL7MQc7vIsISBG8VQ8+IDQxpfQA=="
    },
    "source-map@0.5.6": {
      "integrity": "sha512-MjZkVp0NHr5+TPihLcadqnlVoGIoWo4IBHptutGh9wI3ttUYvCG26HkSuDi+K6lsZ25syXJXcctwgyVCt//xqA=="
    },
    "stack-generator@2.0.10": {
      "integrity": "sha512-mwnua/hkqM6pF4k8SnmZ2zfETsRUpWXREfA/goT8SLCV4iOFa4bzOX2nDipWAZFPTjLvQB82f5yaodMVhK0yJQ==",
      "dependencies": [
        "stackframe"
      ]
    },
    "stackframe@1.3.4": {
      "integrity": "sha512-oeVtt7eWQS+Na6F//S4kJ2K2VbRlS9D43mAlMyVpVWovy9o+jfgH8O9agzANzaiLjclA0oYzUXEM4PurhSUChw=="
    },
    "stacktrace-gps@3.1.2": {
      "integrity": "sha512-GcUgbO4Jsqqg6RxfyTHFiPxdPqF+3LFmQhm7MgCuYQOYuWyqxo5pwRPz5d/u6/WYJdEnWfK4r+jGbyD8TSggXQ==",
      "dependencies": [
        "source-map",
        "stackframe"
      ]
    },
    "stacktrace-js@2.0.2": {
      "integrity": "sha512-Je5vBeY4S1r/RnLydLl0TBTi3F2qdfWmYsGvtfZgEI+SCprPppaIhQf5nGcal4gI4cGpCV/duLcAzT1np6sQqg==",
      "dependencies": [
        "error-stack-parser",
        "stack-generator",
        "stacktrace-gps"
      ]
    },
    "tslib@2.8.1": {
      "integrity": "sha512-oJFu94HQb+KVduSUQL7wnpmqnfmLsOA/nAh6b6EH0wCEoK0/mPeXU6c3wKDV83MkOuHPRHtSXKKU99IBazS/2w=="
    },
    "typescript@5.8.3": {
      "integrity": "sha512-p1diW6TqL9L07nNxvRMM7hMMw4c5XOo/1ibL4aAIGmSAt9slTE1Xgw5KWuof2uTOvCg9BY7ZRi+GaF+7sfgPeQ=="
    },
    "urql@4.2.2_@urql+core@5.2.0_react@18.3.1": {
      "integrity": "sha512-3GgqNa6iF7bC4hY/ImJKN4REQILcSU9VKcKL8gfELZM8mM5BnLH1BsCc8kBdnVGD1LIFOs4W3O2idNHhON1r0w==",
      "dependencies": [
        "@urql/core",
        "react",
        "wonka"
      ]
    },
    "use-isomorphic-layout-effect@1.2.1_react@18.3.1": {
      "integrity": "sha512-tpZZ+EX0gaghDAiFR37hj5MgY6ZN55kLiPkJsKxBMZ6GZdOSPJXiOzPM984oPYZ5AnehYx5WQp1+ME8I/P/pRA==",
      "dependencies": [
        "react"
      ]
    },
    "use-sync-external-store@1.5.0_react@18.3.1": {
      "integrity": "sha512-Rb46I4cGGVBmjamjphe8L/UnvJD+uPPtTkNvX5mZgqdbavhI4EbgIWJiIHXJ8bc/i9EQGPRh4DwEURJ552Do0A==",
      "dependencies": [
        "react"
      ]
    },
    "uuid@8.3.2": {
      "integrity": "sha512-+NYs2QeMWy+GWFOEm9xnn6HCDp0l7QBD7ml8zLUmJ+93Q5NF0NocErnwkTkXVFNiX3/fpC6afS8Dhb/gz7R7eg=="
    },
    "vue@3.5.17_typescript@5.8.3": {
      "integrity": "sha512-LbHV3xPN9BeljML+Xctq4lbz2lVHCR6DtbpTf5XIO6gugpXUN49j2QQPcMj086r9+AkJ0FfUT8xjulKKBkkr9g==",
      "dependencies": [
        "@vue/compiler-dom",
        "@vue/compiler-sfc",
        "@vue/runtime-dom",
        "@vue/server-renderer",
        "@vue/shared",
        "typescript"
      ]
    },
    "wonka@6.3.5": {
      "integrity": "sha512-SSil+ecw6B4/Dm7Pf2sAshKQ5hWFvfyGlfPbEd6A14dOH6VDjrmbY86u6nZvy9omGwwIPFR8V41+of1EezgoUw=="
    },
    "xstate@5.20.1": {
      "integrity": "sha512-i9ZpNnm/XhCOMUxae1suT8PjYNTStZWbhmuKt4xeTPaYG5TS0Fz0i+Ka5yxoNPpaHW3VW6JIowrwFgSTZONxig=="
    },
    "yocto-queue@1.2.1": {
      "integrity": "sha512-AyeEbWOu/TAXdxlV9wmGcR0+yh2j3vYPGOECcIj2S7MkrLyC7ne+oye2BKTItt0ii2PHk4cDy+95+LshzbXnGg=="
    }
  },
  "workspace": {
    "dependencies": [
      "npm:@lumina-dex/sdk@0.18.0",
      "npm:graphql-request@7.1.2"
    ]
  }
}
